
Microsoft Visual Studio Solution File, Format Version 12.00
# Visual Studio 2012
Project("{8BC9CEB8-8B4A-11D0-8D11-00A0C91BC942}") = "base", "base.vcxproj", "{6647E1BE-873A-4CA0-9740-6C68F0E04214}"
EndProject
Project("{8BC9CEB8-8B4A-11D0-8D11-00A0C91BC942}") = "Demo", "Demo.vcxproj", "{AE12B8A8-23AE-403D-B77E-7F5942385D02}"
EndProject
Global
	GlobalSection(SolutionConfigurationPlatforms) = preSolution
		Debug|Win32 = Debug|Win32
		Release|Win32 = Release|Win32
	EndGlobalSection
	GlobalSection(ProjectConfigurationPlatforms) = postSolution
		{6647E1BE-873A-4CA0-9740-6C68F0E04214}.Debug|Win32.ActiveCfg = Debug|Win32
		{6647E1BE-873A-4CA0-9740-6C68F0E04214}.Debug|Win32.Build.0 = Debug|Win32
		{6647E1BE-873A-4CA0-9740-6C68F0E04214}.Release|Win32.ActiveCfg = Release|Win32
		{6647E1BE-873A-4CA0-9740-6C68F0E04214}.Release|Win32.Build.0 = Release|Win32
		{AE12B8A8-23AE-403D-B77E-7F5942385D02}.Debug|Win32.ActiveCfg = Debug|Win32
		{AE12B8A8-23AE-403D-B77E-7F5942385D02}.Debug|Win32.Build.0 = Debug|Win32
		{AE12B8A8-23AE-403D-B77E-7F5942385D02}.Release|Win32.ActiveCfg = Release|Win32
		{AE12B8A8-23AE-403D-B77E-7F5942385D02}.Release|Win32.Build.0 = Release|Win32
	EndGlobalSection
	GlobalSection(SolutionProperties) = preSolution
		HideSolutionNode = FALSE
	EndGlobalSection
EndGlobal
