Microsoft Visual Studio Solution File, Format Version 10.00
# Visual Studio 2008
Project("{8BC9CEB8-8B4A-11D0-8D11-00A0C91BC942}") = "libpng", "libpng.vcproj", "{4B587978-02D2-158F-894D-7EB398BB3AD3}"
	ProjectSection(ProjectDependencies) = postProject
		{8D89322C-3986-3CE5-043F-ECCBFF1E37B1} = {8D89322C-3986-3CE5-043F-ECCBFF1E37B1}
	EndProjectSection
EndProject
Project("{8BC9CEB8-8B4A-11D0-8D11-00A0C91BC942}") = "zlib", "..\zlib\zlib.vcproj", "{8D89322C-3986-3CE5-043F-ECCBFF1E37B1}"
EndProject
Global
	GlobalSection(SolutionConfigurationPlatforms) = preSolution
		Release|x64 = Release|x64
		Debug|Win32 = Debug|Win32
		Debug|x64 = Debug|x64
		Release|Win32 = Release|Win32
	EndGlobalSection
	GlobalSection(ProjectConfigurationPlatforms) = postSolution
		{4B587978-02D2-158F-894D-7EB398BB3AD3}.Release|x64.ActiveCfg = Release|x64
		{4B587978-02D2-158F-894D-7EB398BB3AD3}.Release|x64.Build.0 = Release|x64
		{4B587978-02D2-158F-894D-7EB398BB3AD3}.Debug|Win32.ActiveCfg = Debug|Win32
		{4B587978-02D2-158F-894D-7EB398BB3AD3}.Debug|Win32.Build.0 = Debug|Win32
		{4B587978-02D2-158F-894D-7EB398BB3AD3}.Debug|x64.ActiveCfg = Debug|x64
		{4B587978-02D2-158F-894D-7EB398BB3AD3}.Debug|x64.Build.0 = Debug|x64
		{4B587978-02D2-158F-894D-7EB398BB3AD3}.Release|Win32.ActiveCfg = Release|Win32
		{4B587978-02D2-158F-894D-7EB398BB3AD3}.Release|Win32.Build.0 = Release|Win32
		{8D89322C-3986-3CE5-043F-ECCBFF1E37B1}.Release|x64.ActiveCfg = Release|x64
		{8D89322C-3986-3CE5-043F-ECCBFF1E37B1}.Release|x64.Build.0 = Release|x64
		{8D89322C-3986-3CE5-043F-ECCBFF1E37B1}.Debug|Win32.ActiveCfg = Debug|Win32
		{8D89322C-3986-3CE5-043F-ECCBFF1E37B1}.Debug|Win32.Build.0 = Debug|Win32
		{8D89322C-3986-3CE5-043F-ECCBFF1E37B1}.Debug|x64.ActiveCfg = Debug|x64
		{8D89322C-3986-3CE5-043F-ECCBFF1E37B1}.Debug|x64.Build.0 = Debug|x64
		{8D89322C-3986-3CE5-043F-ECCBFF1E37B1}.Release|Win32.ActiveCfg = Release|Win32
		{8D89322C-3986-3CE5-043F-ECCBFF1E37B1}.Release|Win32.Build.0 = Release|Win32
	EndGlobalSection
	GlobalSection(SolutionProperties) = preSolution
		HideSolutionNode = FALSE
	EndGlobalSection
	GlobalSection(NestedProjects) = preSolution
	EndGlobalSection
EndGlobal
